
Microsoft Visual Studio Solution File, Format Version 12.00
# Visual Studio Version 17
VisualStudioVersion = 17.4.33110.190
MinimumVisualStudioVersion = 10.0.40219.1
Project("{FAE04EC0-301F-11D3-BF4B-00C04F79EFBC}") = "BMI Calculator", "BMI Calculator.csproj", "{AD6E4940-B64C-41EC-B7FE-78E228F07F01}"
EndProject
Global
	GlobalSection(SolutionConfigurationPlatforms) = preSolution
		Debug|Any CPU = Debug|Any CPU
		Release|Any CPU = Release|Any CPU
	EndGlobalSection
	GlobalSection(ProjectConfigurationPlatforms) = postSolution
		{AD6E4940-B64C-41EC-B7FE-78E228F07F01}.Debug|Any CPU.ActiveCfg = Debug|Any CPU
		{AD6E4940-B64C-41EC-B7FE-78E228F07F01}.Debug|Any CPU.Build.0 = Debug|Any CPU
		{AD6E4940-B64C-41EC-B7FE-78E228F07F01}.Release|Any CPU.ActiveCfg = Release|Any CPU
		{AD6E4940-B64C-41EC-B7FE-78E228F07F01}.Release|Any CPU.Build.0 = Release|Any CPU
	EndGlobalSection
	GlobalSection(SolutionProperties) = preSolution
		HideSolutionNode = FALSE
	EndGlobalSection
	GlobalSection(ExtensibilityGlobals) = postSolution
		SolutionGuid = {19F98574-BFF5-4A3F-9B89-323D8480CBDA}
	EndGlobalSection
EndGlobal
